
Microsoft Visual Studio Solution File, Format Version 12.00
# Visual Studio Version 17
VisualStudioVersion = 17.9.34701.34
MinimumVisualStudioVersion = 10.0.40219.1
Project("{FAE04EC0-301F-11D3-BF4B-00C04F79EFBC}") = "pertemuan 12", "pertemuan 12\pertemuan 12.csproj", "{4D76EFCE-66D0-42DD-9860-D98931F864AD}"
EndProject
Global
	GlobalSection(SolutionConfigurationPlatforms) = preSolution
		Debug|Any CPU = Debug|Any CPU
		Release|Any CPU = Release|Any CPU
	EndGlobalSection
	GlobalSection(ProjectConfigurationPlatforms) = postSolution
		{4D76EFCE-66D0-42DD-9860-D98931F864AD}.Debug|Any CPU.ActiveCfg = Debug|Any CPU
		{4D76EFCE-66D0-42DD-9860-D98931F864AD}.Debug|Any CPU.Build.0 = Debug|Any CPU
		{4D76EFCE-66D0-42DD-9860-D98931F864AD}.Release|Any CPU.ActiveCfg = Release|Any CPU
		{4D76EFCE-66D0-42DD-9860-D98931F864AD}.Release|Any CPU.Build.0 = Release|Any CPU
	EndGlobalSection
	GlobalSection(SolutionProperties) = preSolution
		HideSolutionNode = FALSE
	EndGlobalSection
	GlobalSection(ExtensibilityGlobals) = postSolution
		SolutionGuid = {C60739A5-80E3-4EE1-9242-141FA5FBE52F}
	EndGlobalSection
EndGlobal
